
Microsoft Visual Studio Solution File, Format Version 12.00
# Visual Studio Version 17
VisualStudioVersion = 17.6.33829.357
MinimumVisualStudioVersion = 10.0.40219.1
Project("{FAE04EC0-301F-11D3-BF4B-00C04F79EFBC}") = "TutorialWebApp2", "TutorialWebApp2\TutorialWebApp2.csproj", "{513F54D7-AF17-4F17-9C9E-FBC012A5C7A9}"
EndProject
Global
	GlobalSection(SolutionConfigurationPlatforms) = preSolution
		Debug|Any CPU = Debug|Any CPU
		Release|Any CPU = Release|Any CPU
	EndGlobalSection
	GlobalSection(ProjectConfigurationPlatforms) = postSolution
		{513F54D7-AF17-4F17-9C9E-FBC012A5C7A9}.Debug|Any CPU.ActiveCfg = Debug|Any CPU
		{513F54D7-AF17-4F17-9C9E-FBC012A5C7A9}.Debug|Any CPU.Build.0 = Debug|Any CPU
		{513F54D7-AF17-4F17-9C9E-FBC012A5C7A9}.Release|Any CPU.ActiveCfg = Release|Any CPU
		{513F54D7-AF17-4F17-9C9E-FBC012A5C7A9}.Release|Any CPU.Build.0 = Release|Any CPU
	EndGlobalSection
	GlobalSection(SolutionProperties) = preSolution
		HideSolutionNode = FALSE
	EndGlobalSection
	GlobalSection(ExtensibilityGlobals) = postSolution
		SolutionGuid = {B7271307-6917-47C6-8A05-358D07840665}
	EndGlobalSection
EndGlobal
